
Microsoft Visual Studio Solution File, Format Version 12.00
# Visual Studio Version 17
VisualStudioVersion = 17.1.32328.378
MinimumVisualStudioVersion = 10.0.40219.1
Project("{FAE04EC0-301F-11D3-BF4B-00C04F79EFBC}") = "HttpClientConsoleApp", "HttpClientConsoleApp\HttpClientConsoleApp.csproj", "{365B14C2-E440-4CEB-B154-0769C35A8BFC}"
EndProject
Global
	GlobalSection(SolutionConfigurationPlatforms) = preSolution
		Debug|Any CPU = Debug|Any CPU
		Release|Any CPU = Release|Any CPU
	EndGlobalSection
	GlobalSection(ProjectConfigurationPlatforms) = postSolution
		{365B14C2-E440-4CEB-B154-0769C35A8BFC}.Debug|Any CPU.ActiveCfg = Debug|Any CPU
		{365B14C2-E440-4CEB-B154-0769C35A8BFC}.Debug|Any CPU.Build.0 = Debug|Any CPU
		{365B14C2-E440-4CEB-B154-0769C35A8BFC}.Release|Any CPU.ActiveCfg = Release|Any CPU
		{365B14C2-E440-4CEB-B154-0769C35A8BFC}.Release|Any CPU.Build.0 = Release|Any CPU
	EndGlobalSection
	GlobalSection(SolutionProperties) = preSolution
		HideSolutionNode = FALSE
	EndGlobalSection
	GlobalSection(ExtensibilityGlobals) = postSolution
		SolutionGuid = {1878C100-F09D-4D8B-9B17-4170E995D671}
	EndGlobalSection
EndGlobal
